version = 1
revision = 3
requires-python = ">=3.11"

[[package]]
name = "clang-format"
version = "23.1.0"
source = { registry = "https://pypi.org/simple" }
sdist = { url = "https://files.pythonhosted.org/packages/7c/5d/eef0c105ee0acf44cb28578db43df12e318102d649f677a7d22f0135c9a7/clang_format-23.1.0.tar.gz", hash = "sha256:e751ffb23793d32660fab868bc6bc6f84a2c93bd9c2dc56d87059d091e24c62f", size = 11507, upload-time = "2026-08-26T19:54:10.892Z" }
wheels = [
    { url = "https://files.pythonhosted.org/packages/39/12/19aa8e660d5bb464a624d99f4f580805ed69b0996d955ebab7b64b0290d9/clang_format-23.1.0-py2.py3-none-macosx_10_9_x86_64.whl", hash = "sha256:b2bf38c6de0a0a7a18a92ce9c37b7db83939f631b575f6fb5b62b3aae25d989c", size = 1564684, upload-time = "2026-08-26T19:53:42.835Z" },
    { url = "https://files.pythonhosted.org/packages/6c/ed/2499a06276607649189aea4dcf335c6145ec3e5df0a2653c5b00d27a7ef0/clang_format-23.1.0-py2.py3-none-macosx_11_0_arm64.whl", hash = "sha256:863177cce9b288d9d3d5035c14e914d2f40997acd2c5f601057857200b4f922f", size = 1552083, upload-time = "2026-08-26T19:53:44.523Z" },
    { url = "https://files.pythonhosted.org/packages/56/3c/afcc9c3a9ec5c1e8862ca96ce28e8f8f0155ec0f6f155e1c5ff9eb2eefc1/clang_format-23.1.0-py2.py3-none-manylinux_2_26_aarch64.manylinux_2_28_aarch64.whl", hash = "sha256:8935aae9adf87ccf462de0b2243dce0b1aee9e14ef67846b5389fd54fe44f8df", size = 1820591, upload-time = "2026-08-26T19:53:45.923Z" },
    { url = "https://files.pythonhosted.org/packages/ba/ea/3eed5fd7180a195bc7ef94c3f8c489b51ed383dced619c9a8ddc6ec313d3/clang_format-23.1.0-py2.py3-none-manylinux_2_26_i686.manylinux_2_28_i686.whl", hash = "sha256:c41b7c35323865ea0743ea13473a78ffba0ee8fe01fe78ec3b01808372e418e1", size = 1955020, upload-time = "2026-08-26T19:53:47.547Z" },
    { url = "https://files.pythonhosted.org/packages/e7/2f/d2340cd312504e3add2b46f499618173da45b298b28754a085dec4129873/clang_format-23.1.0-py2.py3-none-manylinux_2_26_ppc64le.manylinux_2_28_ppc64le.whl", hash = "sha256:0e7a424dc53bba459d4fd61ed7e108534127f7c906ea6a12548e8cbf8f07f35d", size = 2191998, upload-time = "2026-08-26T19:53:49.196Z" },
    { url = "https://files.pythonhosted.org/packages/be/e7/944031631cf257c64bf2241dbc786ed071c109cb0f6caa2727bd085a8d81/clang_format-23.1.0-py2.py3-none-manylinux_2_26_s390x.manylinux_2_28_s390x.whl", hash = "sha256:eee435dd5f1f31e750799421525a898b44ea05e7db4e6260ea4d21f51321d359", size = 2160866, upload-time = "2026-08-26T19:53:50.804Z" },
    { url = "https://files.pythonhosted.org/packages/d6/5e/0cec4027161a74c9b04769a9e157463deee9ccbef672a2d13d9ab58bd7c2/clang_format-23.1.0-py2.py3-none-manylinux_2_27_x86_64.manylinux_2_28_x86_64.whl", hash = "sha256:9c8e732d10689d23d59854d47efa048b0f87191113d1bc7df4286a5f960ecd17", size = 1906901, upload-time = "2026-08-26T19:53:52.303Z" },
    { url = "https://files.pythonhosted.org/packages/c3/3b/c2ae0a242d37bc3b318ea7bb6dac146f31023e641266fadd078121219a8a/clang_format-23.1.0-py2.py3-none-manylinux_2_31_armv7l.whl", hash = "sha256:421ad1b40b4d31a3a61b95a5feb0359a2fba7e708d0251f905ffa01c7f2a9c8e", size = 1738282, upload-time = "2026-08-26T19:53:53.912Z" },
    { url = "https://files.pythonhosted.org/packages/df/97/73d91fe11f62525b711e37c96696e0dd6ad2fb40ce24cd36dc16f420e932/clang_format-23.1.0-py2.py3-none-musllinux_1_2_aarch64.whl", hash = "sha256:42739bd675c7299beef49bb7ee6978bd427a4669cfc8c70d197582227ddd6dce", size = 2801945, upload-time = "2026-08-26T19:53:55.993Z" },
    { url = "https://files.pythonhosted.org/packages/72/ee/c6d0b705abce554854be6d232cc4cb003ee0fe1c1daebdd598a1c61ac343/clang_format-23.1.0-py2.py3-none-musllinux_1_2_armv7l.whl", hash = "sha256:7e469dade8f5796bc82eb35a497216d84971c881092e148bba217324bc3fb518", size = 2579905, upload-time = "2026-08-26T19:53:57.913Z" },
    { url = "https://files.pythonhosted.org/packages/87/de/2e17b643e70cff08508abfe97c9c36a9295346870c10880cd2116f90d9f4/clang_format-23.1.0-py2.py3-none-musllinux_1_2_i686.whl", hash = "sha256:1d484e435c9b11db2bb69a6c485eced1667e06f24ef61260511a9abc283e5f76", size = 3057235, upload-time = "2026-08-26T19:53:59.711Z" },
    { url = "https://files.pythonhosted.org/packages/ea/37/92024a11ae51c70bf03a686b90b4ae898e12702749a96e13f0ea65a39d55/clang_format-23.1.0-py2.py3-none-musllinux_1_2_ppc64le.whl", hash = "sha256:b8e46f4ca14991df82a8319ee598656e50228be58595e02a3e1b175dd6928d75", size = 3246990, upload-time = "2026-08-26T19:54:01.437Z" },
    { url = "https://files.pythonhosted.org/packages/9a/b2/411f94da09590226f8719ba82b94af79105011cbaae73522f55bd65d6f7e/clang_format-23.1.0-py2.py3-none-musllinux_1_2_s390x.whl", hash = "sha256:ef808d62b4af3de09710df602fea7b5c3e8e8eb0f515762eeafee35b2cba8384", size = 3285742, upload-time = "2026-08-26T19:54:03.094Z" },
    { url = "https://files.pythonhosted.org/packages/4d/5a/9d0304b2d454e255b75bc09ee83110864436dbf8014f42eb6ff5100952a2/clang_format-23.1.0-py2.py3-none-musllinux_1_2_x86_64.whl", hash = "sha256:152d66ebaf333b920cd5a13b678976885d673cccfc647ee4e144dce97ad4b452", size = 2919513, upload-time = "2026-08-26T19:54:05.145Z" },
    { url = "https://files.pythonhosted.org/packages/53/9b/51c725a240285d684936d25cd316775186dbc44bdb6e3bc43b2ccb438b5f/clang_format-23.1.0-py2.py3-none-win32.whl", hash = "sha256:8fa176b2a4d994fdd1b26a7b016ceb09555a12ada5d4eefe75af7f550aef11e9", size = 1363436, upload-time = "2026-08-26T19:54:06.746Z" },
    { url = "https://files.pythonhosted.org/packages/95/19/501001c2aa10dff69eb3ec3802851abafbdd3adeb06db152fef553b5ef00/clang_format-23.1.0-py2.py3-none-win_amd64.whl", hash = "sha256:c10a99dc55a5630bbf6135f004e057d1a3153e4f54cda3f67e0c0b5a150d1cdd", size = 1537314, upload-time = "2026-08-26T19:54:08.184Z" },
    { url = "https://files.pythonhosted.org/packages/8b/e0/d44445801720bb21d9d8fb6a2c16f78065dc1f0d7c9379c5214dd07a2db8/clang_format-23.1.0-py2.py3-none-win_arm64.whl", hash = "sha256:6b565baa8d478eaac44a8a68802cce1e6e998e9c80680d222862761d1afe62e1", size = 1410985, upload-time = "2026-08-26T19:54:09.659Z" },
]

[[package]]
name = "lsh-bridge-tools"
version = "0.0.0"
source = { virtual = "." }

[package.dev-dependencies]
dev = [
    { name = "clang-format" },
]

[package.metadata]

[package.metadata.requires-dev]
dev = [{ name = "clang-format", specifier = ">=18" }]
