version = 1
revision = 3
requires-python = ">=3.11"

[[package]]
name = "clang-format"
version = "22.1.8"
source = { registry = "https://pypi.org/simple" }
sdist = { url = "https://files.pythonhosted.org/packages/bd/55/b48aba45ba2638a706df1680e3dcdf96f94aed8e884886192d411d7a0071/clang_format-22.1.8.tar.gz", hash = "sha256:61a23f4fc0ad1932e1b0300ca451108bf1e751eb89f478062d87f888db9190e6", size = 11508, upload-time = "2026-07-11T14:08:34.542Z" }
wheels = [
    { url = "https://files.pythonhosted.org/packages/5d/d8/29b9db6098da1a011ca3f7560c3942fa81404dbbb4367c3bd1d5c435da3b/clang_format-22.1.8-py2.py3-none-macosx_10_9_x86_64.whl", hash = "sha256:fc2ac5bd0ea41af49968fb69426207806d5f7016cb8f4bfbd44f4f1ffe8d53f2", size = 1492639, upload-time = "2026-07-11T14:08:10.531Z" },
    { url = "https://files.pythonhosted.org/packages/2e/55/539cc1036dae16659f50500ca34838cc5b16cd3e98e3faaf164186b98093/clang_format-22.1.8-py2.py3-none-macosx_11_0_arm64.whl", hash = "sha256:d1147107222c0dda3e4869e9e8c4a79f9ed1de83819e5274de42b82adf3d2129", size = 1482323, upload-time = "2026-07-11T14:08:12.076Z" },
    { url = "https://files.pythonhosted.org/packages/50/25/a9734da014eecc1f54c051ad643a28f2f6643dcc812ac59320e80e2b1a3b/clang_format-22.1.8-py2.py3-none-manylinux_2_26_aarch64.manylinux_2_28_aarch64.whl", hash = "sha256:48c3b8dcfe9d4e964ced0e744e0f1f8ddc711bce92e50f6cab21e10f54857d08", size = 1757825, upload-time = "2026-07-11T14:08:13.397Z" },
    { url = "https://files.pythonhosted.org/packages/5d/19/76bf4dfba7d418f3da4fe89ace66856abd79c8c314e750d5f0fb754de6f5/clang_format-22.1.8-py2.py3-none-manylinux_2_26_i686.manylinux_2_28_i686.whl", hash = "sha256:07312f8a74bda89b6ce32fae46c589cd7bb210a5d3fb2829a70e28ff449f5b80", size = 1888650, upload-time = "2026-07-11T14:08:14.722Z" },
    { url = "https://files.pythonhosted.org/packages/5c/b0/25fb71006b581c4e1dc4680b61c61842836dd1adb860e02f898deed8a919/clang_format-22.1.8-py2.py3-none-manylinux_2_26_ppc64le.manylinux_2_28_ppc64le.whl", hash = "sha256:c6d7382dd728431c0cecf3c7db6ac0904e162c7c18889696ab8dc0630ff9349b", size = 2070288, upload-time = "2026-07-11T14:08:15.98Z" },
    { url = "https://files.pythonhosted.org/packages/36/94/f7c185f2f7c9cbd60878a260a2a03cc4eef0b9b9fbe8eb5045fa9b5ccbe9/clang_format-22.1.8-py2.py3-none-manylinux_2_26_s390x.manylinux_2_28_s390x.whl", hash = "sha256:7763ce0f45b5ff0b5ca7a830d6061ce431dcb644211f9b2bb483bfa66d6c78ca", size = 2101885, upload-time = "2026-07-11T14:08:17.329Z" },
    { url = "https://files.pythonhosted.org/packages/e5/88/b82c066fa807da4ca2518fecf79071361f6324b77375e5e92c059c0697fd/clang_format-22.1.8-py2.py3-none-manylinux_2_27_x86_64.manylinux_2_28_x86_64.whl", hash = "sha256:b00cff6bfd1f1686f073a4fdf1cb937dbd58bf7510c659477805c03afdea0816", size = 1841177, upload-time = "2026-07-11T14:08:18.828Z" },
    { url = "https://files.pythonhosted.org/packages/03/7c/996fc84930d96db84418fbd16d3935ba77f42f9078d7610e4eae3e0e9294/clang_format-22.1.8-py2.py3-none-manylinux_2_31_armv7l.whl", hash = "sha256:396f66b2237131ae7c5c9a9c34d50b1b9bee60ec6754e8b0dcb943850c747aa6", size = 1684807, upload-time = "2026-07-11T14:08:20.092Z" },
    { url = "https://files.pythonhosted.org/packages/1b/42/423de2ddedd3e068f7b773d7a4a593266692bc6108a2dd8ad4403d2ae718/clang_format-22.1.8-py2.py3-none-musllinux_1_2_aarch64.whl", hash = "sha256:02ff8ad2e6a60554cc6b9b34310f71adb04da39e94302e08e3a655b77e4dd31c", size = 2736272, upload-time = "2026-07-11T14:08:21.625Z" },
    { url = "https://files.pythonhosted.org/packages/c1/6b/fbb98122d35333012d47186d669c1bb9a1cb527faa9a4a12c43124662f8f/clang_format-22.1.8-py2.py3-none-musllinux_1_2_armv7l.whl", hash = "sha256:8fc6139349a64f82d24396c815f5584f56da8912482dceadd9e5d7a3f8c17d6c", size = 2515477, upload-time = "2026-07-11T14:08:23.166Z" },
    { url = "https://files.pythonhosted.org/packages/40/99/a5e00402fe8281754df679a1028132a28ea0c0024d363509d9c29944ab85/clang_format-22.1.8-py2.py3-none-musllinux_1_2_i686.whl", hash = "sha256:65df71f1eab12de161b9059483be55cb72490ec7fc7ca4915b5de49722a76a46", size = 2986602, upload-time = "2026-07-11T14:08:24.679Z" },
    { url = "https://files.pythonhosted.org/packages/ac/f7/4a02e8f7d54f71c7ee4ce48c35cbe8f2be1afb1fbbca543f8db43f56a959/clang_format-22.1.8-py2.py3-none-musllinux_1_2_ppc64le.whl", hash = "sha256:0223471f781647d476ce0e09a0512521043343313e42932d900f97a15eacb510", size = 3120341, upload-time = "2026-07-11T14:08:26.234Z" },
    { url = "https://files.pythonhosted.org/packages/84/05/6bd5e7bea1679dbed37a94a3b47d2ef0110792f64fd5761b2301d5b34fd2/clang_format-22.1.8-py2.py3-none-musllinux_1_2_s390x.whl", hash = "sha256:41e00922840376f8d1239db8fb5bc6b1d313bd09752344a85b0f8071112e5c7e", size = 3217448, upload-time = "2026-07-11T14:08:27.799Z" },
    { url = "https://files.pythonhosted.org/packages/56/e3/3fcba146f12b9fbad24034136718d113dfacac03b1cf8273b2aa7bd641b0/clang_format-22.1.8-py2.py3-none-musllinux_1_2_x86_64.whl", hash = "sha256:734d22be5c9d3a72a841444817aae8168c8f4bdccb08de491f05673e42ec7304", size = 2848689, upload-time = "2026-07-11T14:08:29.283Z" },
    { url = "https://files.pythonhosted.org/packages/2e/2b/5a7f2fba71179331b51bb547a02808a56aa515f8637adf035fd34c1d3b0b/clang_format-22.1.8-py2.py3-none-win32.whl", hash = "sha256:a796192453ae56c61e975fc56ee7defb4187013fc3de798cbe608cfe326762aa", size = 1298699, upload-time = "2026-07-11T14:08:30.63Z" },
    { url = "https://files.pythonhosted.org/packages/08/60/c6783b3190a8f741107a44912a11c39c1a51e254e86a4c43cb0151cea0dd/clang_format-22.1.8-py2.py3-none-win_amd64.whl", hash = "sha256:5fe6ad3e9399d589aff5ead432568a84cdcbbd621f1708340819efd74cbf8176", size = 1465069, upload-time = "2026-07-11T14:08:31.935Z" },
    { url = "https://files.pythonhosted.org/packages/43/ca/7e1fa4a6044c37c37356bb18fc938d2811754231e448aaffc192dc3774ce/clang_format-22.1.8-py2.py3-none-win_arm64.whl", hash = "sha256:1fac18f32426c6fd7acde7087511bd80e2c549b2cd7477099582c216ae82fa63", size = 1344986, upload-time = "2026-07-11T14:08:33.183Z" },
]

[[package]]
name = "lsh-bridge-tools"
version = "0.0.0"
source = { virtual = "." }

[package.dev-dependencies]
dev = [
    { name = "clang-format" },
]

[package.metadata]

[package.metadata.requires-dev]
dev = [{ name = "clang-format", specifier = ">=18" }]
